// !$*UTF8*$!
{
	archiveVersion = 1;
	classes = {
	};
	objectVersion = 50;
	objects = {

/* Begin PBXBuildFile section */
		F10FF6A2237A941A006F0E31 /* URLStrings.swift in Sources */ = {isa = PBXBuildFile; fileRef = F10FF6A1237A941A006F0E31 /* URLStrings.swift */; };
		F12C9045237A6A9F00582B05 /* AppDelegate.swift in Sources */ = {isa = PBXBuildFile; fileRef = F12C9044237A6A9F00582B05 /* AppDelegate.swift */; };
		F12C904C237A6A9F00582B05 /* Main.storyboard in Resources */ = {isa = PBXBuildFile; fileRef = F12C904A237A6A9F00582B05 /* Main.storyboard */; };
		F12C904E237A6AA000582B05 /* Assets.xcassets in Resources */ = {isa = PBXBuildFile; fileRef = F12C904D237A6AA000582B05 /* Assets.xcassets */; };
		F12C9051237A6AA000582B05 /* LaunchScreen.storyboard in Resources */ = {isa = PBXBuildFile; fileRef = F12C904F237A6AA000582B05 /* LaunchScreen.storyboard */; };
		F12C907C237A6C3400582B05 /* Safari - 10 Nov 2019 at 2248.pdf in Resources */ = {isa = PBXBuildFile; fileRef = F12C907B237A6C3400582B05 /* Safari - 10 Nov 2019 at 2248.pdf */; };
		F12C907F237A6C4000582B05 /* data.json in Resources */ = {isa = PBXBuildFile; fileRef = F12C907E237A6C4000582B05 /* data.json */; };
		F12C9084237A846B00582B05 /* UsageProtocols.swift in Sources */ = {isa = PBXBuildFile; fileRef = F12C9083237A846B00582B05 /* UsageProtocols.swift */; };
		F1516D9A237D9BAB00737F83 /* Utils.swift in Sources */ = {isa = PBXBuildFile; fileRef = F1516D99237D9BAB00737F83 /* Utils.swift */; };
		F1516D9C237EB72400737F83 /* AlertSystem.swift in Sources */ = {isa = PBXBuildFile; fileRef = F1516D9B237EB72400737F83 /* AlertSystem.swift */; };
		F1516D9E23802F9A00737F83 /* UsageMappingWorkerTests.swift in Sources */ = {isa = PBXBuildFile; fileRef = F1516D9D23802F9A00737F83 /* UsageMappingWorkerTests.swift */; };
		F1516DA02380343700737F83 /* NetworkUsageTestCase.swift in Sources */ = {isa = PBXBuildFile; fileRef = F1516D9F2380343700737F83 /* NetworkUsageTestCase.swift */; };
		F1516DA1238035EC00737F83 /* Errors.swift in Sources */ = {isa = PBXBuildFile; fileRef = F1A1ED85237C0273003CFF99 /* Errors.swift */; };
		F1516DA323803E0E00737F83 /* UtilsTest.swift in Sources */ = {isa = PBXBuildFile; fileRef = F1516DA223803E0E00737F83 /* UtilsTest.swift */; };
		F1516DA523803FF900737F83 /* UsagePresenterTests.swift in Sources */ = {isa = PBXBuildFile; fileRef = F1516DA423803FF900737F83 /* UsagePresenterTests.swift */; };
		F165E485237AA0E800CC87AA /* DecodableTests.swift in Sources */ = {isa = PBXBuildFile; fileRef = F10FF6A3237A9829006F0E31 /* DecodableTests.swift */; };
		F17853752380F978008C5EC0 /* help.json in Resources */ = {isa = PBXBuildFile; fileRef = F17853742380F978008C5EC0 /* help.json */; };
		F1A1ED80237BFEAF003CFF99 /* UsageInteractor.swift in Sources */ = {isa = PBXBuildFile; fileRef = F1A1ED7F237BFEAF003CFF99 /* UsageInteractor.swift */; };
		F1A1ED82237BFEE6003CFF99 /* UsagePresenter.swift in Sources */ = {isa = PBXBuildFile; fileRef = F1A1ED81237BFEE6003CFF99 /* UsagePresenter.swift */; };
		F1A1ED86237C0273003CFF99 /* Errors.swift in Sources */ = {isa = PBXBuildFile; fileRef = F1A1ED85237C0273003CFF99 /* Errors.swift */; };
		F1A1ED8C237C0355003CFF99 /* UsageResponse.swift in Sources */ = {isa = PBXBuildFile; fileRef = F1A1ED8A237C0355003CFF99 /* UsageResponse.swift */; };
		F1A1ED8D237C0355003CFF99 /* Models.swift in Sources */ = {isa = PBXBuildFile; fileRef = F1A1ED8B237C0355003CFF99 /* Models.swift */; };
		F1A1ED91237C5207003CFF99 /* UsageViewVM.swift in Sources */ = {isa = PBXBuildFile; fileRef = F1A1ED90237C5207003CFF99 /* UsageViewVM.swift */; };
		F1A1ED95237C547C003CFF99 /* UsageConfigurator.swift in Sources */ = {isa = PBXBuildFile; fileRef = F1A1ED94237C547C003CFF99 /* UsageConfigurator.swift */; };
		F1A1ED99237C549D003CFF99 /* UsageAPIWorker.swift in Sources */ = {isa = PBXBuildFile; fileRef = F1A1ED97237C549D003CFF99 /* UsageAPIWorker.swift */; };
		F1A1ED9A237C549D003CFF99 /* UsageMappingWorker.swift in Sources */ = {isa = PBXBuildFile; fileRef = F1A1ED98237C549D003CFF99 /* UsageMappingWorker.swift */; };
		F1A1ED9B237C555F003CFF99 /* UsageViewController.swift in Sources */ = {isa = PBXBuildFile; fileRef = F1A1ED7D237BFE98003CFF99 /* UsageViewController.swift */; };
/* End PBXBuildFile section */

/* Begin PBXContainerItemProxy section */
		F165E480237AA0DD00CC87AA /* PBXContainerItemProxy */ = {
			isa = PBXContainerItemProxy;
			containerPortal = F12C8FC623785D5100582B05 /* Project object */;
			proxyType = 1;
			remoteGlobalIDString = F12C9041237A6A9F00582B05;
			remoteInfo = NetworkUsage;
		};
/* End PBXContainerItemProxy section */

/* Begin PBXFileReference section */
		F10FF6A1237A941A006F0E31 /* URLStrings.swift */ = {isa = PBXFileReference; lastKnownFileType = sourcecode.swift; name = URLStrings.swift; path = "Network usage/URLStrings.swift"; sourceTree = SOURCE_ROOT; };
		F10FF6A3237A9829006F0E31 /* DecodableTests.swift */ = {isa = PBXFileReference; lastKnownFileType = sourcecode.swift; path = DecodableTests.swift; sourceTree = "<group>"; };
		F12C9042237A6A9F00582B05 /* NetworkUsage.app */ = {isa = PBXFileReference; explicitFileType = wrapper.application; includeInIndex = 0; path = NetworkUsage.app; sourceTree = BUILT_PRODUCTS_DIR; };
		F12C9044237A6A9F00582B05 /* AppDelegate.swift */ = {isa = PBXFileReference; lastKnownFileType = sourcecode.swift; path = AppDelegate.swift; sourceTree = "<group>"; };
		F12C904B237A6A9F00582B05 /* Base */ = {isa = PBXFileReference; lastKnownFileType = file.storyboard; name = Base; path = Base.lproj/Main.storyboard; sourceTree = "<group>"; };
		F12C904D237A6AA000582B05 /* Assets.xcassets */ = {isa = PBXFileReference; lastKnownFileType = folder.assetcatalog; path = Assets.xcassets; sourceTree = "<group>"; };
		F12C9050237A6AA000582B05 /* Base */ = {isa = PBXFileReference; lastKnownFileType = file.storyboard; name = Base; path = Base.lproj/LaunchScreen.storyboard; sourceTree = "<group>"; };
		F12C9052237A6AA000582B05 /* Info.plist */ = {isa = PBXFileReference; lastKnownFileType = text.plist.xml; path = Info.plist; sourceTree = "<group>"; };
		F12C905B237A6AA000582B05 /* Network_UsageTests.swift */ = {isa = PBXFileReference; lastKnownFileType = sourcecode.swift; path = Network_UsageTests.swift; sourceTree = "<group>"; };
		F12C905D237A6AA000582B05 /* Info.plist */ = {isa = PBXFileReference; lastKnownFileType = text.plist.xml; path = Info.plist; sourceTree = "<group>"; };
		F12C9066237A6AA000582B05 /* Network_UsageUITests.swift */ = {isa = PBXFileReference; lastKnownFileType = sourcecode.swift; path = Network_UsageUITests.swift; sourceTree = "<group>"; };
		F12C9068237A6AA000582B05 /* Info.plist */ = {isa = PBXFileReference; lastKnownFileType = text.plist.xml; path = Info.plist; sourceTree = "<group>"; };
		F12C907B237A6C3400582B05 /* Safari - 10 Nov 2019 at 2248.pdf */ = {isa = PBXFileReference; lastKnownFileType = image.pdf; name = "Safari - 10 Nov 2019 at 2248.pdf"; path = "Network usage/Safari - 10 Nov 2019 at 2248.pdf"; sourceTree = SOURCE_ROOT; };
		F12C907E237A6C4000582B05 /* data.json */ = {isa = PBXFileReference; fileEncoding = 4; lastKnownFileType = text.json; path = data.json; sourceTree = "<group>"; };
		F12C9083237A846B00582B05 /* UsageProtocols.swift */ = {isa = PBXFileReference; fileEncoding = 4; lastKnownFileType = sourcecode.swift; name = UsageProtocols.swift; path = "Network usage/UsageView/UsageProtocols.swift"; sourceTree = SOURCE_ROOT; };
		F1516D99237D9BAB00737F83 /* Utils.swift */ = {isa = PBXFileReference; lastKnownFileType = sourcecode.swift; name = Utils.swift; path = "Network usage/Utils.swift"; sourceTree = SOURCE_ROOT; };
		F1516D9B237EB72400737F83 /* AlertSystem.swift */ = {isa = PBXFileReference; lastKnownFileType = sourcecode.swift; name = AlertSystem.swift; path = "Network usage/AlertSystem.swift"; sourceTree = SOURCE_ROOT; };
		F1516D9D23802F9A00737F83 /* UsageMappingWorkerTests.swift */ = {isa = PBXFileReference; lastKnownFileType = sourcecode.swift; path = UsageMappingWorkerTests.swift; sourceTree = "<group>"; };
		F1516D9F2380343700737F83 /* NetworkUsageTestCase.swift */ = {isa = PBXFileReference; lastKnownFileType = sourcecode.swift; path = NetworkUsageTestCase.swift; sourceTree = "<group>"; };
		F1516DA223803E0E00737F83 /* UtilsTest.swift */ = {isa = PBXFileReference; lastKnownFileType = sourcecode.swift; path = UtilsTest.swift; sourceTree = "<group>"; };
		F1516DA423803FF900737F83 /* UsagePresenterTests.swift */ = {isa = PBXFileReference; lastKnownFileType = sourcecode.swift; path = UsagePresenterTests.swift; sourceTree = "<group>"; };
		F165E47B237AA0DD00CC87AA /* NetworkUsageTests.xctest */ = {isa = PBXFileReference; explicitFileType = wrapper.cfbundle; includeInIndex = 0; path = NetworkUsageTests.xctest; sourceTree = BUILT_PRODUCTS_DIR; };
		F165E47F237AA0DD00CC87AA /* Info.plist */ = {isa = PBXFileReference; lastKnownFileType = text.plist.xml; path = Info.plist; sourceTree = "<group>"; };
		F17853742380F978008C5EC0 /* help.json */ = {isa = PBXFileReference; fileEncoding = 4; lastKnownFileType = text.json; path = help.json; sourceTree = "<group>"; };
		F1A1ED7D237BFE98003CFF99 /* UsageViewController.swift */ = {isa = PBXFileReference; lastKnownFileType = sourcecode.swift; name = UsageViewController.swift; path = "Network usage/UsageView/UsageViewController.swift"; sourceTree = SOURCE_ROOT; };
		F1A1ED7F237BFEAF003CFF99 /* UsageInteractor.swift */ = {isa = PBXFileReference; lastKnownFileType = sourcecode.swift; name = UsageInteractor.swift; path = "Network usage/UsageView/UsageInteractor.swift"; sourceTree = SOURCE_ROOT; };
		F1A1ED81237BFEE6003CFF99 /* UsagePresenter.swift */ = {isa = PBXFileReference; lastKnownFileType = sourcecode.swift; name = UsagePresenter.swift; path = "Network usage/UsageView/UsagePresenter.swift"; sourceTree = SOURCE_ROOT; };
		F1A1ED85237C0273003CFF99 /* Errors.swift */ = {isa = PBXFileReference; lastKnownFileType = sourcecode.swift; name = Errors.swift; path = "Network usage/Errors.swift"; sourceTree = SOURCE_ROOT; };
		F1A1ED8A237C0355003CFF99 /* UsageResponse.swift */ = {isa = PBXFileReference; fileEncoding = 4; lastKnownFileType = sourcecode.swift; name = UsageResponse.swift; path = "Network usage/Models/UsageResponse.swift"; sourceTree = SOURCE_ROOT; };
		F1A1ED8B237C0355003CFF99 /* Models.swift */ = {isa = PBXFileReference; fileEncoding = 4; lastKnownFileType = sourcecode.swift; name = Models.swift; path = "Network usage/Models/Models.swift"; sourceTree = SOURCE_ROOT; };
		F1A1ED90237C5207003CFF99 /* UsageViewVM.swift */ = {isa = PBXFileReference; lastKnownFileType = sourcecode.swift; name = UsageViewVM.swift; path = "Network usage/UsageView/UsageViewVM.swift"; sourceTree = SOURCE_ROOT; };
		F1A1ED94237C547C003CFF99 /* UsageConfigurator.swift */ = {isa = PBXFileReference; lastKnownFileType = sourcecode.swift; name = UsageConfigurator.swift; path = "Network usage/UsageView/UsageConfigurator.swift"; sourceTree = SOURCE_ROOT; };
		F1A1ED97237C549D003CFF99 /* UsageAPIWorker.swift */ = {isa = PBXFileReference; fileEncoding = 4; lastKnownFileType = sourcecode.swift; name = UsageAPIWorker.swift; path = "Network usage/UsageView/workers/UsageAPIWorker.swift"; sourceTree = SOURCE_ROOT; };
		F1A1ED98237C549D003CFF99 /* UsageMappingWorker.swift */ = {isa = PBXFileReference; fileEncoding = 4; lastKnownFileType = sourcecode.swift; name = UsageMappingWorker.swift; path = "Network usage/UsageView/workers/UsageMappingWorker.swift"; sourceTree = SOURCE_ROOT; };
/* End PBXFileReference section */

/* Begin PBXFrameworksBuildPhase section */
		F12C903F237A6A9F00582B05 /* Frameworks */ = {
			isa = PBXFrameworksBuildPhase;
			buildActionMask = 2147483647;
			files = (
			);
			runOnlyForDeploymentPostprocessing = 0;
		};
		F165E478237AA0DD00CC87AA /* Frameworks */ = {
			isa = PBXFrameworksBuildPhase;
			buildActionMask = 2147483647;
			files = (
			);
			runOnlyForDeploymentPostprocessing = 0;
		};
/* End PBXFrameworksBuildPhase section */

/* Begin PBXGroup section */
		F12C8FC523785D5100582B05 = {
			isa = PBXGroup;
			children = (
				F12C9042237A6A9F00582B05 /* NetworkUsage.app */,
				F12C9043237A6A9F00582B05 /* Network Usage */,
				F12C905A237A6AA000582B05 /* Network UsageTests */,
				F12C9065237A6AA000582B05 /* Network UsageUITests */,
				F165E47B237AA0DD00CC87AA /* NetworkUsageTests.xctest */,
				F165E47C237AA0DD00CC87AA /* NetworkUsageTests */,
			);
			sourceTree = "<group>";
		};
		F12C9043237A6A9F00582B05 /* Network Usage */ = {
			isa = PBXGroup;
			children = (
				F12C907D237A6C4000582B05 /* json */,
				F12C907B237A6C3400582B05 /* Safari - 10 Nov 2019 at 2248.pdf */,
				F12C9044237A6A9F00582B05 /* AppDelegate.swift */,
				F10FF6A1237A941A006F0E31 /* URLStrings.swift */,
				F1516D99237D9BAB00737F83 /* Utils.swift */,
				F1516D9B237EB72400737F83 /* AlertSystem.swift */,
				F1A1ED89237C033C003CFF99 /* Models */,
				F1A1ED85237C0273003CFF99 /* Errors.swift */,
				F12C9082237A840500582B05 /* UsageView */,
				F12C904A237A6A9F00582B05 /* Main.storyboard */,
				F12C904D237A6AA000582B05 /* Assets.xcassets */,
				F12C904F237A6AA000582B05 /* LaunchScreen.storyboard */,
				F12C9052237A6AA000582B05 /* Info.plist */,
			);
			path = "Network Usage";
			sourceTree = "<group>";
		};
		F12C905A237A6AA000582B05 /* Network UsageTests */ = {
			isa = PBXGroup;
			children = (
				F12C905B237A6AA000582B05 /* Network_UsageTests.swift */,
				F12C905D237A6AA000582B05 /* Info.plist */,
			);
			path = "Network UsageTests";
			sourceTree = "<group>";
		};
		F12C9065237A6AA000582B05 /* Network UsageUITests */ = {
			isa = PBXGroup;
			children = (
				F12C9066237A6AA000582B05 /* Network_UsageUITests.swift */,
				F12C9068237A6AA000582B05 /* Info.plist */,
			);
			path = "Network UsageUITests";
			sourceTree = "<group>";
		};
		F12C907D237A6C4000582B05 /* json */ = {
			isa = PBXGroup;
			children = (
				F17853742380F978008C5EC0 /* help.json */,
				F12C907E237A6C4000582B05 /* data.json */,
			);
			name = json;
			path = "Network usage/json";
			sourceTree = SOURCE_ROOT;
		};
		F12C9082237A840500582B05 /* UsageView */ = {
			isa = PBXGroup;
			children = (
				F12C9083237A846B00582B05 /* UsageProtocols.swift */,
				F1A1ED90237C5207003CFF99 /* UsageViewVM.swift */,
				F1A1ED94237C547C003CFF99 /* UsageConfigurator.swift */,
				F1A1ED7D237BFE98003CFF99 /* UsageViewController.swift */,
				F1A1ED7F237BFEAF003CFF99 /* UsageInteractor.swift */,
				F1A1ED81237BFEE6003CFF99 /* UsagePresenter.swift */,
				F1A1ED96237C548F003CFF99 /* workers */,
			);
			path = UsageView;
			sourceTree = "<group>";
		};
		F1516DA62380400300737F83 /* vip tests */ = {
			isa = PBXGroup;
			children = (
				F1516DA423803FF900737F83 /* UsagePresenterTests.swift */,
			);
			path = "vip tests";
			sourceTree = "<group>";
		};
		F165E47C237AA0DD00CC87AA /* NetworkUsageTests */ = {
			isa = PBXGroup;
			children = (
				F1516D9F2380343700737F83 /* NetworkUsageTestCase.swift */,
				F1516DA223803E0E00737F83 /* UtilsTest.swift */,
				F10FF6A3237A9829006F0E31 /* DecodableTests.swift */,
				F1516D9D23802F9A00737F83 /* UsageMappingWorkerTests.swift */,
				F1516DA62380400300737F83 /* vip tests */,
				F165E47F237AA0DD00CC87AA /* Info.plist */,
			);
			path = NetworkUsageTests;
			sourceTree = "<group>";
		};
		F1A1ED89237C033C003CFF99 /* Models */ = {
			isa = PBXGroup;
			children = (
				F1A1ED8B237C0355003CFF99 /* Models.swift */,
				F1A1ED8A237C0355003CFF99 /* UsageResponse.swift */,
			);
			path = Models;
			sourceTree = "<group>";
		};
		F1A1ED96237C548F003CFF99 /* workers */ = {
			isa = PBXGroup;
			children = (
				F1A1ED97237C549D003CFF99 /* UsageAPIWorker.swift */,
				F1A1ED98237C549D003CFF99 /* UsageMappingWorker.swift */,
			);
			path = workers;
			sourceTree = "<group>";
		};
/* End PBXGroup section */

/* Begin PBXNativeTarget section */
		F12C9041237A6A9F00582B05 /* NetworkUsage */ = {
			isa = PBXNativeTarget;
			buildConfigurationList = F12C9069237A6AA000582B05 /* Build configuration list for PBXNativeTarget "NetworkUsage" */;
			buildPhases = (
				F12C903E237A6A9F00582B05 /* Sources */,
				F12C903F237A6A9F00582B05 /* Frameworks */,
				F12C9040237A6A9F00582B05 /* Resources */,
			);
			buildRules = (
			);
			dependencies = (
			);
			name = NetworkUsage;
			productName = "Network Usage";
			productReference = F12C9042237A6A9F00582B05 /* NetworkUsage.app */;
			productType = "com.apple.product-type.application";
		};
		F165E47A237AA0DD00CC87AA /* NetworkUsageTests */ = {
			isa = PBXNativeTarget;
			buildConfigurationList = F165E482237AA0DD00CC87AA /* Build configuration list for PBXNativeTarget "NetworkUsageTests" */;
			buildPhases = (
				F165E477237AA0DD00CC87AA /* Sources */,
				F165E478237AA0DD00CC87AA /* Frameworks */,
				F165E479237AA0DD00CC87AA /* Resources */,
			);
			buildRules = (
			);
			dependencies = (
				F165E481237AA0DD00CC87AA /* PBXTargetDependency */,
			);
			name = NetworkUsageTests;
			productName = NetworkUsageTests;
			productReference = F165E47B237AA0DD00CC87AA /* NetworkUsageTests.xctest */;
			productType = "com.apple.product-type.bundle.unit-test";
		};
/* End PBXNativeTarget section */

/* Begin PBXProject section */
		F12C8FC623785D5100582B05 /* Project object */ = {
			isa = PBXProject;
			attributes = {
				LastSwiftUpdateCheck = 1120;
				LastUpgradeCheck = 1120;
				ORGANIZATIONNAME = v.a.jayachandran;
				TargetAttributes = {
					F12C9041237A6A9F00582B05 = {
						CreatedOnToolsVersion = 11.2;
					};
					F165E47A237AA0DD00CC87AA = {
						CreatedOnToolsVersion = 11.2;
						TestTargetID = F12C9041237A6A9F00582B05;
					};
				};
			};
			buildConfigurationList = F12C8FC923785D5100582B05 /* Build configuration list for PBXProject "Network usage" */;
			compatibilityVersion = "Xcode 9.3";
			developmentRegion = en;
			hasScannedForEncodings = 0;
			knownRegions = (
				en,
				Base,
			);
			mainGroup = F12C8FC523785D5100582B05;
			productRefGroup = F12C8FC523785D5100582B05;
			projectDirPath = "";
			projectRoot = "";
			targets = (
				F12C9041237A6A9F00582B05 /* NetworkUsage */,
				F165E47A237AA0DD00CC87AA /* NetworkUsageTests */,
			);
		};
/* End PBXProject section */

/* Begin PBXResourcesBuildPhase section */
		F12C9040237A6A9F00582B05 /* Resources */ = {
			isa = PBXResourcesBuildPhase;
			buildActionMask = 2147483647;
			files = (
				F12C907C237A6C3400582B05 /* Safari - 10 Nov 2019 at 2248.pdf in Resources */,
				F12C9051237A6AA000582B05 /* LaunchScreen.storyboard in Resources */,
				F12C904E237A6AA000582B05 /* Assets.xcassets in Resources */,
				F12C907F237A6C4000582B05 /* data.json in Resources */,
				F12C904C237A6A9F00582B05 /* Main.storyboard in Resources */,
			);
			runOnlyForDeploymentPostprocessing = 0;
		};
		F165E479237AA0DD00CC87AA /* Resources */ = {
			isa = PBXResourcesBuildPhase;
			buildActionMask = 2147483647;
			files = (
				F17853752380F978008C5EC0 /* help.json in Resources */,
			);
			runOnlyForDeploymentPostprocessing = 0;
		};
/* End PBXResourcesBuildPhase section */

/* Begin PBXSourcesBuildPhase section */
		F12C903E237A6A9F00582B05 /* Sources */ = {
			isa = PBXSourcesBuildPhase;
			buildActionMask = 2147483647;
			files = (
				F1A1ED8D237C0355003CFF99 /* Models.swift in Sources */,
				F1A1ED91237C5207003CFF99 /* UsageViewVM.swift in Sources */,
				F1A1ED9A237C549D003CFF99 /* UsageMappingWorker.swift in Sources */,
				F1516D9A237D9BAB00737F83 /* Utils.swift in Sources */,
				F10FF6A2237A941A006F0E31 /* URLStrings.swift in Sources */,
				F12C9084237A846B00582B05 /* UsageProtocols.swift in Sources */,
				F1A1ED82237BFEE6003CFF99 /* UsagePresenter.swift in Sources */,
				F1A1ED95237C547C003CFF99 /* UsageConfigurator.swift in Sources */,
				F12C9045237A6A9F00582B05 /* AppDelegate.swift in Sources */,
				F1A1ED99237C549D003CFF99 /* UsageAPIWorker.swift in Sources */,
				F1A1ED86237C0273003CFF99 /* Errors.swift in Sources */,
				F1516D9C237EB72400737F83 /* AlertSystem.swift in Sources */,
				F1A1ED8C237C0355003CFF99 /* UsageResponse.swift in Sources */,
				F1A1ED9B237C555F003CFF99 /* UsageViewController.swift in Sources */,
				F1A1ED80237BFEAF003CFF99 /* UsageInteractor.swift in Sources */,
			);
			runOnlyForDeploymentPostprocessing = 0;
		};
		F165E477237AA0DD00CC87AA /* Sources */ = {
			isa = PBXSourcesBuildPhase;
			buildActionMask = 2147483647;
			files = (
				F1516DA1238035EC00737F83 /* Errors.swift in Sources */,
				F1516D9E23802F9A00737F83 /* UsageMappingWorkerTests.swift in Sources */,
				F1516DA523803FF900737F83 /* UsagePresenterTests.swift in Sources */,
				F1516DA323803E0E00737F83 /* UtilsTest.swift in Sources */,
				F1516DA02380343700737F83 /* NetworkUsageTestCase.swift in Sources */,
				F165E485237AA0E800CC87AA /* DecodableTests.swift in Sources */,
			);
			runOnlyForDeploymentPostprocessing = 0;
		};
/* End PBXSourcesBuildPhase section */

/* Begin PBXTargetDependency section */
		F165E481237AA0DD00CC87AA /* PBXTargetDependency */ = {
			isa = PBXTargetDependency;
			target = F12C9041237A6A9F00582B05 /* NetworkUsage */;
			targetProxy = F165E480237AA0DD00CC87AA /* PBXContainerItemProxy */;
		};
/* End PBXTargetDependency section */

/* Begin PBXVariantGroup section */
		F12C904A237A6A9F00582B05 /* Main.storyboard */ = {
			isa = PBXVariantGroup;
			children = (
				F12C904B237A6A9F00582B05 /* Base */,
			);
			name = Main.storyboard;
			sourceTree = "<group>";
		};
		F12C904F237A6AA000582B05 /* LaunchScreen.storyboard */ = {
			isa = PBXVariantGroup;
			children = (
				F12C9050237A6AA000582B05 /* Base */,
			);
			name = LaunchScreen.storyboard;
			sourceTree = "<group>";
		};
/* End PBXVariantGroup section */

/* Begin XCBuildConfiguration section */
		F12C8FF223785D5300582B05 /* Debug */ = {
			isa = XCBuildConfiguration;
			buildSettings = {
				ALWAYS_SEARCH_USER_PATHS = NO;
				CLANG_ANALYZER_NONNULL = YES;
				CLANG_ANALYZER_NUMBER_OBJECT_CONVERSION = YES_AGGRESSIVE;
				CLANG_CXX_LANGUAGE_STANDARD = "gnu++14";
				CLANG_CXX_LIBRARY = "libc++";
				CLANG_ENABLE_MODULES = YES;
				CLANG_ENABLE_OBJC_ARC = YES;
				CLANG_ENABLE_OBJC_WEAK = YES;
				CLANG_WARN_BLOCK_CAPTURE_AUTORELEASING = YES;
				CLANG_WARN_BOOL_CONVERSION = YES;
				CLANG_WARN_COMMA = YES;
				CLANG_WARN_CONSTANT_CONVERSION = YES;
				CLANG_WARN_DEPRECATED_OBJC_IMPLEMENTATIONS = YES;
				CLANG_WARN_DIRECT_OBJC_ISA_USAGE = YES_ERROR;
				CLANG_WARN_DOCUMENTATION_COMMENTS = YES;
				CLANG_WARN_EMPTY_BODY = YES;
				CLANG_WARN_ENUM_CONVERSION = YES;
				CLANG_WARN_INFINITE_RECURSION = YES;
				CLANG_WARN_INT_CONVERSION = YES;
				CLANG_WARN_NON_LITERAL_NULL_CONVERSION = YES;
				CLANG_WARN_OBJC_IMPLICIT_RETAIN_SELF = YES;
				CLANG_WARN_OBJC_LITERAL_CONVERSION = YES;
				CLANG_WARN_OBJC_ROOT_CLASS = YES_ERROR;
				CLANG_WARN_RANGE_LOOP_ANALYSIS = YES;
				CLANG_WARN_STRICT_PROTOTYPES = YES;
				CLANG_WARN_SUSPICIOUS_MOVE = YES;
				CLANG_WARN_UNGUARDED_AVAILABILITY = YES_AGGRESSIVE;
				CLANG_WARN_UNREACHABLE_CODE = YES;
				CLANG_WARN__DUPLICATE_METHOD_MATCH = YES;
				COPY_PHASE_STRIP = NO;
				DEBUG_INFORMATION_FORMAT = dwarf;
				ENABLE_STRICT_OBJC_MSGSEND = YES;
				ENABLE_TESTABILITY = YES;
				GCC_C_LANGUAGE_STANDARD = gnu11;
				GCC_DYNAMIC_NO_PIC = NO;
				GCC_NO_COMMON_BLOCKS = YES;
				GCC_OPTIMIZATION_LEVEL = 0;
				GCC_PREPROCESSOR_DEFINITIONS = (
					"DEBUG=1",
					"$(inherited)",
				);
				GCC_WARN_64_TO_32_BIT_CONVERSION = YES;
				GCC_WARN_ABOUT_RETURN_TYPE = YES_ERROR;
				GCC_WARN_UNDECLARED_SELECTOR = YES;
				GCC_WARN_UNINITIALIZED_AUTOS = YES_AGGRESSIVE;
				GCC_WARN_UNUSED_FUNCTION = YES;
				GCC_WARN_UNUSED_VARIABLE = YES;
				MACOSX_DEPLOYMENT_TARGET = 10.14;
				MTL_ENABLE_DEBUG_INFO = INCLUDE_SOURCE;
				MTL_FAST_MATH = YES;
				ONLY_ACTIVE_ARCH = YES;
				SDKROOT = macosx;
				SWIFT_ACTIVE_COMPILATION_CONDITIONS = DEBUG;
				SWIFT_OPTIMIZATION_LEVEL = "-Onone";
			};
			name = Debug;
		};
		F12C8FF323785D5300582B05 /* Release */ = {
			isa = XCBuildConfiguration;
			buildSettings = {
				ALWAYS_SEARCH_USER_PATHS = NO;
				CLANG_ANALYZER_NONNULL = YES;
				CLANG_ANALYZER_NUMBER_OBJECT_CONVERSION = YES_AGGRESSIVE;
				CLANG_CXX_LANGUAGE_STANDARD = "gnu++14";
				CLANG_CXX_LIBRARY = "libc++";
				CLANG_ENABLE_MODULES = YES;
				CLANG_ENABLE_OBJC_ARC = YES;
				CLANG_ENABLE_OBJC_WEAK = YES;
				CLANG_WARN_BLOCK_CAPTURE_AUTORELEASING = YES;
				CLANG_WARN_BOOL_CONVERSION = YES;
				CLANG_WARN_COMMA = YES;
				CLANG_WARN_CONSTANT_CONVERSION = YES;
				CLANG_WARN_DEPRECATED_OBJC_IMPLEMENTATIONS = YES;
				CLANG_WARN_DIRECT_OBJC_ISA_USAGE = YES_ERROR;
				CLANG_WARN_DOCUMENTATION_COMMENTS = YES;
				CLANG_WARN_EMPTY_BODY = YES;
				CLANG_WARN_ENUM_CONVERSION = YES;
				CLANG_WARN_INFINITE_RECURSION = YES;
				CLANG_WARN_INT_CONVERSION = YES;
				CLANG_WARN_NON_LITERAL_NULL_CONVERSION = YES;
				CLANG_WARN_OBJC_IMPLICIT_RETAIN_SELF = YES;
				CLANG_WARN_OBJC_LITERAL_CONVERSION = YES;
				CLANG_WARN_OBJC_ROOT_CLASS = YES_ERROR;
				CLANG_WARN_RANGE_LOOP_ANALYSIS = YES;
				CLANG_WARN_STRICT_PROTOTYPES = YES;
				CLANG_WARN_SUSPICIOUS_MOVE = YES;
				CLANG_WARN_UNGUARDED_AVAILABILITY = YES_AGGRESSIVE;
				CLANG_WARN_UNREACHABLE_CODE = YES;
				CLANG_WARN__DUPLICATE_METHOD_MATCH = YES;
				COPY_PHASE_STRIP = NO;
				DEBUG_INFORMATION_FORMAT = "dwarf-with-dsym";
				ENABLE_NS_ASSERTIONS = NO;
				ENABLE_STRICT_OBJC_MSGSEND = YES;
				GCC_C_LANGUAGE_STANDARD = gnu11;
				GCC_NO_COMMON_BLOCKS = YES;
				GCC_WARN_64_TO_32_BIT_CONVERSION = YES;
				GCC_WARN_ABOUT_RETURN_TYPE = YES_ERROR;
				GCC_WARN_UNDECLARED_SELECTOR = YES;
				GCC_WARN_UNINITIALIZED_AUTOS = YES_AGGRESSIVE;
				GCC_WARN_UNUSED_FUNCTION = YES;
				GCC_WARN_UNUSED_VARIABLE = YES;
				MACOSX_DEPLOYMENT_TARGET = 10.14;
				MTL_ENABLE_DEBUG_INFO = NO;
				MTL_FAST_MATH = YES;
				SDKROOT = macosx;
				SWIFT_COMPILATION_MODE = wholemodule;
				SWIFT_OPTIMIZATION_LEVEL = "-O";
			};
			name = Release;
		};
		F12C906A237A6AA000582B05 /* Debug */ = {
			isa = XCBuildConfiguration;
			buildSettings = {
				ASSETCATALOG_COMPILER_APPICON_NAME = AppIcon;
				CODE_SIGN_STYLE = Automatic;
				INFOPLIST_FILE = "Network Usage/Info.plist";
				IPHONEOS_DEPLOYMENT_TARGET = 12.0;
				LD_RUNPATH_SEARCH_PATHS = (
					"$(inherited)",
					"@executable_path/Frameworks",
				);
				PRODUCT_BUNDLE_IDENTIFIER = "com.vjc.Network-Usage";
				PRODUCT_NAME = "$(TARGET_NAME)";
				SDKROOT = iphoneos;
				SWIFT_VERSION = 5.0;
				TARGETED_DEVICE_FAMILY = 1;
			};
			name = Debug;
		};
		F12C906B237A6AA000582B05 /* Release */ = {
			isa = XCBuildConfiguration;
			buildSettings = {
				ASSETCATALOG_COMPILER_APPICON_NAME = AppIcon;
				CODE_SIGN_STYLE = Automatic;
				INFOPLIST_FILE = "Network Usage/Info.plist";
				IPHONEOS_DEPLOYMENT_TARGET = 12.0;
				LD_RUNPATH_SEARCH_PATHS = (
					"$(inherited)",
					"@executable_path/Frameworks",
				);
				PRODUCT_BUNDLE_IDENTIFIER = "com.vjc.Network-Usage";
				PRODUCT_NAME = "$(TARGET_NAME)";
				SDKROOT = iphoneos;
				SWIFT_VERSION = 5.0;
				TARGETED_DEVICE_FAMILY = 1;
				VALIDATE_PRODUCT = YES;
			};
			name = Release;
		};
		F165E483237AA0DD00CC87AA /* Debug */ = {
			isa = XCBuildConfiguration;
			buildSettings = {
				BUNDLE_LOADER = "$(TEST_HOST)";
				CODE_SIGN_STYLE = Automatic;
				INFOPLIST_FILE = NetworkUsageTests/Info.plist;
				IPHONEOS_DEPLOYMENT_TARGET = 13.2;
				LD_RUNPATH_SEARCH_PATHS = (
					"$(inherited)",
					"@executable_path/Frameworks",
					"@loader_path/Frameworks",
				);
				PRODUCT_BUNDLE_IDENTIFIER = com.vjc.NetworkUsageTests;
				PRODUCT_NAME = "$(TARGET_NAME)";
				SDKROOT = iphoneos;
				SWIFT_VERSION = 5.0;
				TARGETED_DEVICE_FAMILY = "1,2";
				TEST_HOST = "$(BUILT_PRODUCTS_DIR)/NetworkUsage.app/NetworkUsage";
			};
			name = Debug;
		};
		F165E484237AA0DD00CC87AA /* Release */ = {
			isa = XCBuildConfiguration;
			buildSettings = {
				BUNDLE_LOADER = "$(TEST_HOST)";
				CODE_SIGN_STYLE = Automatic;
				INFOPLIST_FILE = NetworkUsageTests/Info.plist;
				IPHONEOS_DEPLOYMENT_TARGET = 13.2;
				LD_RUNPATH_SEARCH_PATHS = (
					"$(inherited)",
					"@executable_path/Frameworks",
					"@loader_path/Frameworks",
				);
				PRODUCT_BUNDLE_IDENTIFIER = com.vjc.NetworkUsageTests;
				PRODUCT_NAME = "$(TARGET_NAME)";
				SDKROOT = iphoneos;
				SWIFT_VERSION = 5.0;
				TARGETED_DEVICE_FAMILY = "1,2";
				TEST_HOST = "$(BUILT_PRODUCTS_DIR)/NetworkUsage.app/NetworkUsage";
				VALIDATE_PRODUCT = YES;
			};
			name = Release;
		};
/* End XCBuildConfiguration section */

/* Begin XCConfigurationList section */
		F12C8FC923785D5100582B05 /* Build configuration list for PBXProject "Network usage" */ = {
			isa = XCConfigurationList;
			buildConfigurations = (
				F12C8FF223785D5300582B05 /* Debug */,
				F12C8FF323785D5300582B05 /* Release */,
			);
			defaultConfigurationIsVisible = 0;
			defaultConfigurationName = Release;
		};
		F12C9069237A6AA000582B05 /* Build configuration list for PBXNativeTarget "NetworkUsage" */ = {
			isa = XCConfigurationList;
			buildConfigurations = (
				F12C906A237A6AA000582B05 /* Debug */,
				F12C906B237A6AA000582B05 /* Release */,
			);
			defaultConfigurationIsVisible = 0;
			defaultConfigurationName = Release;
		};
		F165E482237AA0DD00CC87AA /* Build configuration list for PBXNativeTarget "NetworkUsageTests" */ = {
			isa = XCConfigurationList;
			buildConfigurations = (
				F165E483237AA0DD00CC87AA /* Debug */,
				F165E484237AA0DD00CC87AA /* Release */,
			);
			defaultConfigurationIsVisible = 0;
			defaultConfigurationName = Release;
		};
/* End XCConfigurationList section */
	};
	rootObject = F12C8FC623785D5100582B05 /* Project object */;
}
