// !$*UTF8*$!
{
	archiveVersion = 1;
	classes = {
	};
	objectVersion = 50;
	objects = {

/* Begin PBXBuildFile section */
		F12C9045237A6A9F00582B05 /* AppDelegate.swift in Sources */ = {isa = PBXBuildFile; fileRef = F12C9044237A6A9F00582B05 /* AppDelegate.swift */; };
		F12C9049237A6A9F00582B05 /* ViewController.swift in Sources */ = {isa = PBXBuildFile; fileRef = F12C9048237A6A9F00582B05 /* ViewController.swift */; };
		F12C904C237A6A9F00582B05 /* Main.storyboard in Resources */ = {isa = PBXBuildFile; fileRef = F12C904A237A6A9F00582B05 /* Main.storyboard */; };
		F12C904E237A6AA000582B05 /* Assets.xcassets in Resources */ = {isa = PBXBuildFile; fileRef = F12C904D237A6AA000582B05 /* Assets.xcassets */; };
		F12C9051237A6AA000582B05 /* LaunchScreen.storyboard in Resources */ = {isa = PBXBuildFile; fileRef = F12C904F237A6AA000582B05 /* LaunchScreen.storyboard */; };
		F12C905C237A6AA000582B05 /* Network_UsageTests.swift in Sources */ = {isa = PBXBuildFile; fileRef = F12C905B237A6AA000582B05 /* Network_UsageTests.swift */; };
		F12C9067237A6AA000582B05 /* Network_UsageUITests.swift in Sources */ = {isa = PBXBuildFile; fileRef = F12C9066237A6AA000582B05 /* Network_UsageUITests.swift */; };
		F12C907C237A6C3400582B05 /* Safari - 10 Nov 2019 at 2248.pdf in Resources */ = {isa = PBXBuildFile; fileRef = F12C907B237A6C3400582B05 /* Safari - 10 Nov 2019 at 2248.pdf */; };
		F12C907F237A6C4000582B05 /* data.json in Resources */ = {isa = PBXBuildFile; fileRef = F12C907E237A6C4000582B05 /* data.json */; };
/* End PBXBuildFile section */

/* Begin PBXContainerItemProxy section */
		F12C9058237A6AA000582B05 /* PBXContainerItemProxy */ = {
			isa = PBXContainerItemProxy;
			containerPortal = F12C8FC623785D5100582B05 /* Project object */;
			proxyType = 1;
			remoteGlobalIDString = F12C9041237A6A9F00582B05;
			remoteInfo = "Network Usage";
		};
		F12C9063237A6AA000582B05 /* PBXContainerItemProxy */ = {
			isa = PBXContainerItemProxy;
			containerPortal = F12C8FC623785D5100582B05 /* Project object */;
			proxyType = 1;
			remoteGlobalIDString = F12C9041237A6A9F00582B05;
			remoteInfo = "Network Usage";
		};
/* End PBXContainerItemProxy section */

/* Begin PBXFileReference section */
		F12C9042237A6A9F00582B05 /* Network Usage.app */ = {isa = PBXFileReference; explicitFileType = wrapper.application; includeInIndex = 0; path = "Network Usage.app"; sourceTree = BUILT_PRODUCTS_DIR; };
		F12C9044237A6A9F00582B05 /* AppDelegate.swift */ = {isa = PBXFileReference; lastKnownFileType = sourcecode.swift; path = AppDelegate.swift; sourceTree = "<group>"; };
		F12C9048237A6A9F00582B05 /* ViewController.swift */ = {isa = PBXFileReference; lastKnownFileType = sourcecode.swift; path = ViewController.swift; sourceTree = "<group>"; };
		F12C904B237A6A9F00582B05 /* Base */ = {isa = PBXFileReference; lastKnownFileType = file.storyboard; name = Base; path = Base.lproj/Main.storyboard; sourceTree = "<group>"; };
		F12C904D237A6AA000582B05 /* Assets.xcassets */ = {isa = PBXFileReference; lastKnownFileType = folder.assetcatalog; path = Assets.xcassets; sourceTree = "<group>"; };
		F12C9050237A6AA000582B05 /* Base */ = {isa = PBXFileReference; lastKnownFileType = file.storyboard; name = Base; path = Base.lproj/LaunchScreen.storyboard; sourceTree = "<group>"; };
		F12C9052237A6AA000582B05 /* Info.plist */ = {isa = PBXFileReference; lastKnownFileType = text.plist.xml; path = Info.plist; sourceTree = "<group>"; };
		F12C9057237A6AA000582B05 /* Network UsageTests.xctest */ = {isa = PBXFileReference; explicitFileType = wrapper.cfbundle; includeInIndex = 0; path = "Network UsageTests.xctest"; sourceTree = BUILT_PRODUCTS_DIR; };
		F12C905B237A6AA000582B05 /* Network_UsageTests.swift */ = {isa = PBXFileReference; lastKnownFileType = sourcecode.swift; path = Network_UsageTests.swift; sourceTree = "<group>"; };
		F12C905D237A6AA000582B05 /* Info.plist */ = {isa = PBXFileReference; lastKnownFileType = text.plist.xml; path = Info.plist; sourceTree = "<group>"; };
		F12C9062237A6AA000582B05 /* Network UsageUITests.xctest */ = {isa = PBXFileReference; explicitFileType = wrapper.cfbundle; includeInIndex = 0; path = "Network UsageUITests.xctest"; sourceTree = BUILT_PRODUCTS_DIR; };
		F12C9066237A6AA000582B05 /* Network_UsageUITests.swift */ = {isa = PBXFileReference; lastKnownFileType = sourcecode.swift; path = Network_UsageUITests.swift; sourceTree = "<group>"; };
		F12C9068237A6AA000582B05 /* Info.plist */ = {isa = PBXFileReference; lastKnownFileType = text.plist.xml; path = Info.plist; sourceTree = "<group>"; };
		F12C9078237A6B2600582B05 /* data.json */ = {isa = PBXFileReference; lastKnownFileType = text.json; name = data.json; path = ../../../../.Trash/data.json; sourceTree = "<group>"; };
		F12C907B237A6C3400582B05 /* Safari - 10 Nov 2019 at 2248.pdf */ = {isa = PBXFileReference; lastKnownFileType = image.pdf; name = "Safari - 10 Nov 2019 at 2248.pdf"; path = "Network usage/Safari - 10 Nov 2019 at 2248.pdf"; sourceTree = SOURCE_ROOT; };
		F12C907E237A6C4000582B05 /* data.json */ = {isa = PBXFileReference; fileEncoding = 4; lastKnownFileType = text.json; path = data.json; sourceTree = "<group>"; };
/* End PBXFileReference section */

/* Begin PBXFrameworksBuildPhase section */
		F12C903F237A6A9F00582B05 /* Frameworks */ = {
			isa = PBXFrameworksBuildPhase;
			buildActionMask = 2147483647;
			files = (
			);
			runOnlyForDeploymentPostprocessing = 0;
		};
		F12C9054237A6AA000582B05 /* Frameworks */ = {
			isa = PBXFrameworksBuildPhase;
			buildActionMask = 2147483647;
			files = (
			);
			runOnlyForDeploymentPostprocessing = 0;
		};
		F12C905F237A6AA000582B05 /* Frameworks */ = {
			isa = PBXFrameworksBuildPhase;
			buildActionMask = 2147483647;
			files = (
			);
			runOnlyForDeploymentPostprocessing = 0;
		};
/* End PBXFrameworksBuildPhase section */

/* Begin PBXGroup section */
		F12C8FC523785D5100582B05 = {
			isa = PBXGroup;
			children = (
				F12C9042237A6A9F00582B05 /* Network Usage.app */,
				F12C9043237A6A9F00582B05 /* Network Usage */,
				F12C9057237A6AA000582B05 /* Network UsageTests.xctest */,
				F12C905A237A6AA000582B05 /* Network UsageTests */,
				F12C9062237A6AA000582B05 /* Network UsageUITests.xctest */,
				F12C9065237A6AA000582B05 /* Network UsageUITests */,
			);
			sourceTree = "<group>";
		};
		F12C9043237A6A9F00582B05 /* Network Usage */ = {
			isa = PBXGroup;
			children = (
				F12C907D237A6C4000582B05 /* json */,
				F12C907B237A6C3400582B05 /* Safari - 10 Nov 2019 at 2248.pdf */,
				F12C9078237A6B2600582B05 /* data.json */,
				F12C9044237A6A9F00582B05 /* AppDelegate.swift */,
				F12C9048237A6A9F00582B05 /* ViewController.swift */,
				F12C904A237A6A9F00582B05 /* Main.storyboard */,
				F12C904D237A6AA000582B05 /* Assets.xcassets */,
				F12C904F237A6AA000582B05 /* LaunchScreen.storyboard */,
				F12C9052237A6AA000582B05 /* Info.plist */,
			);
			path = "Network Usage";
			sourceTree = "<group>";
		};
		F12C905A237A6AA000582B05 /* Network UsageTests */ = {
			isa = PBXGroup;
			children = (
				F12C905B237A6AA000582B05 /* Network_UsageTests.swift */,
				F12C905D237A6AA000582B05 /* Info.plist */,
			);
			path = "Network UsageTests";
			sourceTree = "<group>";
		};
		F12C9065237A6AA000582B05 /* Network UsageUITests */ = {
			isa = PBXGroup;
			children = (
				F12C9066237A6AA000582B05 /* Network_UsageUITests.swift */,
				F12C9068237A6AA000582B05 /* Info.plist */,
			);
			path = "Network UsageUITests";
			sourceTree = "<group>";
		};
		F12C907D237A6C4000582B05 /* json */ = {
			isa = PBXGroup;
			children = (
				F12C907E237A6C4000582B05 /* data.json */,
			);
			name = json;
			path = "Network usage/json";
			sourceTree = SOURCE_ROOT;
		};
/* End PBXGroup section */

/* Begin PBXNativeTarget section */
		F12C9041237A6A9F00582B05 /* Network Usage */ = {
			isa = PBXNativeTarget;
			buildConfigurationList = F12C9069237A6AA000582B05 /* Build configuration list for PBXNativeTarget "Network Usage" */;
			buildPhases = (
				F12C903E237A6A9F00582B05 /* Sources */,
				F12C903F237A6A9F00582B05 /* Frameworks */,
				F12C9040237A6A9F00582B05 /* Resources */,
			);
			buildRules = (
			);
			dependencies = (
			);
			name = "Network Usage";
			productName = "Network Usage";
			productReference = F12C9042237A6A9F00582B05 /* Network Usage.app */;
			productType = "com.apple.product-type.application";
		};
		F12C9056237A6AA000582B05 /* Network UsageTests */ = {
			isa = PBXNativeTarget;
			buildConfigurationList = F12C906C237A6AA000582B05 /* Build configuration list for PBXNativeTarget "Network UsageTests" */;
			buildPhases = (
				F12C9053237A6AA000582B05 /* Sources */,
				F12C9054237A6AA000582B05 /* Frameworks */,
				F12C9055237A6AA000582B05 /* Resources */,
			);
			buildRules = (
			);
			dependencies = (
				F12C9059237A6AA000582B05 /* PBXTargetDependency */,
			);
			name = "Network UsageTests";
			productName = "Network UsageTests";
			productReference = F12C9057237A6AA000582B05 /* Network UsageTests.xctest */;
			productType = "com.apple.product-type.bundle.unit-test";
		};
		F12C9061237A6AA000582B05 /* Network UsageUITests */ = {
			isa = PBXNativeTarget;
			buildConfigurationList = F12C906F237A6AA000582B05 /* Build configuration list for PBXNativeTarget "Network UsageUITests" */;
			buildPhases = (
				F12C905E237A6AA000582B05 /* Sources */,
				F12C905F237A6AA000582B05 /* Frameworks */,
				F12C9060237A6AA000582B05 /* Resources */,
			);
			buildRules = (
			);
			dependencies = (
				F12C9064237A6AA000582B05 /* PBXTargetDependency */,
			);
			name = "Network UsageUITests";
			productName = "Network UsageUITests";
			productReference = F12C9062237A6AA000582B05 /* Network UsageUITests.xctest */;
			productType = "com.apple.product-type.bundle.ui-testing";
		};
/* End PBXNativeTarget section */

/* Begin PBXProject section */
		F12C8FC623785D5100582B05 /* Project object */ = {
			isa = PBXProject;
			attributes = {
				LastSwiftUpdateCheck = 1120;
				LastUpgradeCheck = 1120;
				ORGANIZATIONNAME = v.a.jayachandran;
				TargetAttributes = {
					F12C9041237A6A9F00582B05 = {
						CreatedOnToolsVersion = 11.2;
					};
					F12C9056237A6AA000582B05 = {
						CreatedOnToolsVersion = 11.2;
						TestTargetID = F12C9041237A6A9F00582B05;
					};
					F12C9061237A6AA000582B05 = {
						CreatedOnToolsVersion = 11.2;
						TestTargetID = F12C9041237A6A9F00582B05;
					};
				};
			};
			buildConfigurationList = F12C8FC923785D5100582B05 /* Build configuration list for PBXProject "Network usage" */;
			compatibilityVersion = "Xcode 9.3";
			developmentRegion = en;
			hasScannedForEncodings = 0;
			knownRegions = (
				en,
				Base,
			);
			mainGroup = F12C8FC523785D5100582B05;
			productRefGroup = F12C8FC523785D5100582B05;
			projectDirPath = "";
			projectRoot = "";
			targets = (
				F12C9041237A6A9F00582B05 /* Network Usage */,
				F12C9056237A6AA000582B05 /* Network UsageTests */,
				F12C9061237A6AA000582B05 /* Network UsageUITests */,
			);
		};
/* End PBXProject section */

/* Begin PBXResourcesBuildPhase section */
		F12C9040237A6A9F00582B05 /* Resources */ = {
			isa = PBXResourcesBuildPhase;
			buildActionMask = 2147483647;
			files = (
				F12C907C237A6C3400582B05 /* Safari - 10 Nov 2019 at 2248.pdf in Resources */,
				F12C9051237A6AA000582B05 /* LaunchScreen.storyboard in Resources */,
				F12C904E237A6AA000582B05 /* Assets.xcassets in Resources */,
				F12C907F237A6C4000582B05 /* data.json in Resources */,
				F12C904C237A6A9F00582B05 /* Main.storyboard in Resources */,
			);
			runOnlyForDeploymentPostprocessing = 0;
		};
		F12C9055237A6AA000582B05 /* Resources */ = {
			isa = PBXResourcesBuildPhase;
			buildActionMask = 2147483647;
			files = (
			);
			runOnlyForDeploymentPostprocessing = 0;
		};
		F12C9060237A6AA000582B05 /* Resources */ = {
			isa = PBXResourcesBuildPhase;
			buildActionMask = 2147483647;
			files = (
			);
			runOnlyForDeploymentPostprocessing = 0;
		};
/* End PBXResourcesBuildPhase section */

/* Begin PBXSourcesBuildPhase section */
		F12C903E237A6A9F00582B05 /* Sources */ = {
			isa = PBXSourcesBuildPhase;
			buildActionMask = 2147483647;
			files = (
				F12C9049237A6A9F00582B05 /* ViewController.swift in Sources */,
				F12C9045237A6A9F00582B05 /* AppDelegate.swift in Sources */,
			);
			runOnlyForDeploymentPostprocessing = 0;
		};
		F12C9053237A6AA000582B05 /* Sources */ = {
			isa = PBXSourcesBuildPhase;
			buildActionMask = 2147483647;
			files = (
				F12C905C237A6AA000582B05 /* Network_UsageTests.swift in Sources */,
			);
			runOnlyForDeploymentPostprocessing = 0;
		};
		F12C905E237A6AA000582B05 /* Sources */ = {
			isa = PBXSourcesBuildPhase;
			buildActionMask = 2147483647;
			files = (
				F12C9067237A6AA000582B05 /* Network_UsageUITests.swift in Sources */,
			);
			runOnlyForDeploymentPostprocessing = 0;
		};
/* End PBXSourcesBuildPhase section */

/* Begin PBXTargetDependency section */
		F12C9059237A6AA000582B05 /* PBXTargetDependency */ = {
			isa = PBXTargetDependency;
			target = F12C9041237A6A9F00582B05 /* Network Usage */;
			targetProxy = F12C9058237A6AA000582B05 /* PBXContainerItemProxy */;
		};
		F12C9064237A6AA000582B05 /* PBXTargetDependency */ = {
			isa = PBXTargetDependency;
			target = F12C9041237A6A9F00582B05 /* Network Usage */;
			targetProxy = F12C9063237A6AA000582B05 /* PBXContainerItemProxy */;
		};
/* End PBXTargetDependency section */

/* Begin PBXVariantGroup section */
		F12C904A237A6A9F00582B05 /* Main.storyboard */ = {
			isa = PBXVariantGroup;
			children = (
				F12C904B237A6A9F00582B05 /* Base */,
			);
			name = Main.storyboard;
			sourceTree = "<group>";
		};
		F12C904F237A6AA000582B05 /* LaunchScreen.storyboard */ = {
			isa = PBXVariantGroup;
			children = (
				F12C9050237A6AA000582B05 /* Base */,
			);
			name = LaunchScreen.storyboard;
			sourceTree = "<group>";
		};
/* End PBXVariantGroup section */

/* Begin XCBuildConfiguration section */
		F12C8FF223785D5300582B05 /* Debug */ = {
			isa = XCBuildConfiguration;
			buildSettings = {
				ALWAYS_SEARCH_USER_PATHS = NO;
				CLANG_ANALYZER_NONNULL = YES;
				CLANG_ANALYZER_NUMBER_OBJECT_CONVERSION = YES_AGGRESSIVE;
				CLANG_CXX_LANGUAGE_STANDARD = "gnu++14";
				CLANG_CXX_LIBRARY = "libc++";
				CLANG_ENABLE_MODULES = YES;
				CLANG_ENABLE_OBJC_ARC = YES;
				CLANG_ENABLE_OBJC_WEAK = YES;
				CLANG_WARN_BLOCK_CAPTURE_AUTORELEASING = YES;
				CLANG_WARN_BOOL_CONVERSION = YES;
				CLANG_WARN_COMMA = YES;
				CLANG_WARN_CONSTANT_CONVERSION = YES;
				CLANG_WARN_DEPRECATED_OBJC_IMPLEMENTATIONS = YES;
				CLANG_WARN_DIRECT_OBJC_ISA_USAGE = YES_ERROR;
				CLANG_WARN_DOCUMENTATION_COMMENTS = YES;
				CLANG_WARN_EMPTY_BODY = YES;
				CLANG_WARN_ENUM_CONVERSION = YES;
				CLANG_WARN_INFINITE_RECURSION = YES;
				CLANG_WARN_INT_CONVERSION = YES;
				CLANG_WARN_NON_LITERAL_NULL_CONVERSION = YES;
				CLANG_WARN_OBJC_IMPLICIT_RETAIN_SELF = YES;
				CLANG_WARN_OBJC_LITERAL_CONVERSION = YES;
				CLANG_WARN_OBJC_ROOT_CLASS = YES_ERROR;
				CLANG_WARN_RANGE_LOOP_ANALYSIS = YES;
				CLANG_WARN_STRICT_PROTOTYPES = YES;
				CLANG_WARN_SUSPICIOUS_MOVE = YES;
				CLANG_WARN_UNGUARDED_AVAILABILITY = YES_AGGRESSIVE;
				CLANG_WARN_UNREACHABLE_CODE = YES;
				CLANG_WARN__DUPLICATE_METHOD_MATCH = YES;
				COPY_PHASE_STRIP = NO;
				DEBUG_INFORMATION_FORMAT = dwarf;
				ENABLE_STRICT_OBJC_MSGSEND = YES;
				ENABLE_TESTABILITY = YES;
				GCC_C_LANGUAGE_STANDARD = gnu11;
				GCC_DYNAMIC_NO_PIC = NO;
				GCC_NO_COMMON_BLOCKS = YES;
				GCC_OPTIMIZATION_LEVEL = 0;
				GCC_PREPROCESSOR_DEFINITIONS = (
					"DEBUG=1",
					"$(inherited)",
				);
				GCC_WARN_64_TO_32_BIT_CONVERSION = YES;
				GCC_WARN_ABOUT_RETURN_TYPE = YES_ERROR;
				GCC_WARN_UNDECLARED_SELECTOR = YES;
				GCC_WARN_UNINITIALIZED_AUTOS = YES_AGGRESSIVE;
				GCC_WARN_UNUSED_FUNCTION = YES;
				GCC_WARN_UNUSED_VARIABLE = YES;
				MACOSX_DEPLOYMENT_TARGET = 10.14;
				MTL_ENABLE_DEBUG_INFO = INCLUDE_SOURCE;
				MTL_FAST_MATH = YES;
				ONLY_ACTIVE_ARCH = YES;
				SDKROOT = macosx;
				SWIFT_ACTIVE_COMPILATION_CONDITIONS = DEBUG;
				SWIFT_OPTIMIZATION_LEVEL = "-Onone";
			};
			name = Debug;
		};
		F12C8FF323785D5300582B05 /* Release */ = {
			isa = XCBuildConfiguration;
			buildSettings = {
				ALWAYS_SEARCH_USER_PATHS = NO;
				CLANG_ANALYZER_NONNULL = YES;
				CLANG_ANALYZER_NUMBER_OBJECT_CONVERSION = YES_AGGRESSIVE;
				CLANG_CXX_LANGUAGE_STANDARD = "gnu++14";
				CLANG_CXX_LIBRARY = "libc++";
				CLANG_ENABLE_MODULES = YES;
				CLANG_ENABLE_OBJC_ARC = YES;
				CLANG_ENABLE_OBJC_WEAK = YES;
				CLANG_WARN_BLOCK_CAPTURE_AUTORELEASING = YES;
				CLANG_WARN_BOOL_CONVERSION = YES;
				CLANG_WARN_COMMA = YES;
				CLANG_WARN_CONSTANT_CONVERSION = YES;
				CLANG_WARN_DEPRECATED_OBJC_IMPLEMENTATIONS = YES;
				CLANG_WARN_DIRECT_OBJC_ISA_USAGE = YES_ERROR;
				CLANG_WARN_DOCUMENTATION_COMMENTS = YES;
				CLANG_WARN_EMPTY_BODY = YES;
				CLANG_WARN_ENUM_CONVERSION = YES;
				CLANG_WARN_INFINITE_RECURSION = YES;
				CLANG_WARN_INT_CONVERSION = YES;
				CLANG_WARN_NON_LITERAL_NULL_CONVERSION = YES;
				CLANG_WARN_OBJC_IMPLICIT_RETAIN_SELF = YES;
				CLANG_WARN_OBJC_LITERAL_CONVERSION = YES;
				CLANG_WARN_OBJC_ROOT_CLASS = YES_ERROR;
				CLANG_WARN_RANGE_LOOP_ANALYSIS = YES;
				CLANG_WARN_STRICT_PROTOTYPES = YES;
				CLANG_WARN_SUSPICIOUS_MOVE = YES;
				CLANG_WARN_UNGUARDED_AVAILABILITY = YES_AGGRESSIVE;
				CLANG_WARN_UNREACHABLE_CODE = YES;
				CLANG_WARN__DUPLICATE_METHOD_MATCH = YES;
				COPY_PHASE_STRIP = NO;
				DEBUG_INFORMATION_FORMAT = "dwarf-with-dsym";
				ENABLE_NS_ASSERTIONS = NO;
				ENABLE_STRICT_OBJC_MSGSEND = YES;
				GCC_C_LANGUAGE_STANDARD = gnu11;
				GCC_NO_COMMON_BLOCKS = YES;
				GCC_WARN_64_TO_32_BIT_CONVERSION = YES;
				GCC_WARN_ABOUT_RETURN_TYPE = YES_ERROR;
				GCC_WARN_UNDECLARED_SELECTOR = YES;
				GCC_WARN_UNINITIALIZED_AUTOS = YES_AGGRESSIVE;
				GCC_WARN_UNUSED_FUNCTION = YES;
				GCC_WARN_UNUSED_VARIABLE = YES;
				MACOSX_DEPLOYMENT_TARGET = 10.14;
				MTL_ENABLE_DEBUG_INFO = NO;
				MTL_FAST_MATH = YES;
				SDKROOT = macosx;
				SWIFT_COMPILATION_MODE = wholemodule;
				SWIFT_OPTIMIZATION_LEVEL = "-O";
			};
			name = Release;
		};
		F12C906A237A6AA000582B05 /* Debug */ = {
			isa = XCBuildConfiguration;
			buildSettings = {
				ASSETCATALOG_COMPILER_APPICON_NAME = AppIcon;
				CODE_SIGN_STYLE = Automatic;
				INFOPLIST_FILE = "Network Usage/Info.plist";
				IPHONEOS_DEPLOYMENT_TARGET = 11.0;
				LD_RUNPATH_SEARCH_PATHS = (
					"$(inherited)",
					"@executable_path/Frameworks",
				);
				PRODUCT_BUNDLE_IDENTIFIER = "com.vjc.Network-Usage";
				PRODUCT_NAME = "$(TARGET_NAME)";
				SDKROOT = iphoneos;
				SWIFT_VERSION = 5.0;
				TARGETED_DEVICE_FAMILY = "1,2";
			};
			name = Debug;
		};
		F12C906B237A6AA000582B05 /* Release */ = {
			isa = XCBuildConfiguration;
			buildSettings = {
				ASSETCATALOG_COMPILER_APPICON_NAME = AppIcon;
				CODE_SIGN_STYLE = Automatic;
				INFOPLIST_FILE = "Network Usage/Info.plist";
				IPHONEOS_DEPLOYMENT_TARGET = 11.0;
				LD_RUNPATH_SEARCH_PATHS = (
					"$(inherited)",
					"@executable_path/Frameworks",
				);
				PRODUCT_BUNDLE_IDENTIFIER = "com.vjc.Network-Usage";
				PRODUCT_NAME = "$(TARGET_NAME)";
				SDKROOT = iphoneos;
				SWIFT_VERSION = 5.0;
				TARGETED_DEVICE_FAMILY = "1,2";
				VALIDATE_PRODUCT = YES;
			};
			name = Release;
		};
		F12C906D237A6AA000582B05 /* Debug */ = {
			isa = XCBuildConfiguration;
			buildSettings = {
				ALWAYS_EMBED_SWIFT_STANDARD_LIBRARIES = YES;
				BUNDLE_LOADER = "$(TEST_HOST)";
				CODE_SIGN_STYLE = Automatic;
				INFOPLIST_FILE = "Network UsageTests/Info.plist";
				IPHONEOS_DEPLOYMENT_TARGET = 13.2;
				LD_RUNPATH_SEARCH_PATHS = (
					"$(inherited)",
					"@executable_path/Frameworks",
					"@loader_path/Frameworks",
				);
				PRODUCT_BUNDLE_IDENTIFIER = "com.vjc.Network-UsageTests";
				PRODUCT_NAME = "$(TARGET_NAME)";
				SDKROOT = iphoneos;
				SWIFT_VERSION = 5.0;
				TARGETED_DEVICE_FAMILY = "1,2";
				TEST_HOST = "$(BUILT_PRODUCTS_DIR)/Network Usage.app/Network Usage";
			};
			name = Debug;
		};
		F12C906E237A6AA000582B05 /* Release */ = {
			isa = XCBuildConfiguration;
			buildSettings = {
				ALWAYS_EMBED_SWIFT_STANDARD_LIBRARIES = YES;
				BUNDLE_LOADER = "$(TEST_HOST)";
				CODE_SIGN_STYLE = Automatic;
				INFOPLIST_FILE = "Network UsageTests/Info.plist";
				IPHONEOS_DEPLOYMENT_TARGET = 13.2;
				LD_RUNPATH_SEARCH_PATHS = (
					"$(inherited)",
					"@executable_path/Frameworks",
					"@loader_path/Frameworks",
				);
				PRODUCT_BUNDLE_IDENTIFIER = "com.vjc.Network-UsageTests";
				PRODUCT_NAME = "$(TARGET_NAME)";
				SDKROOT = iphoneos;
				SWIFT_VERSION = 5.0;
				TARGETED_DEVICE_FAMILY = "1,2";
				TEST_HOST = "$(BUILT_PRODUCTS_DIR)/Network Usage.app/Network Usage";
				VALIDATE_PRODUCT = YES;
			};
			name = Release;
		};
		F12C9070237A6AA000582B05 /* Debug */ = {
			isa = XCBuildConfiguration;
			buildSettings = {
				ALWAYS_EMBED_SWIFT_STANDARD_LIBRARIES = YES;
				CODE_SIGN_STYLE = Automatic;
				INFOPLIST_FILE = "Network UsageUITests/Info.plist";
				IPHONEOS_DEPLOYMENT_TARGET = 13.2;
				LD_RUNPATH_SEARCH_PATHS = (
					"$(inherited)",
					"@executable_path/Frameworks",
					"@loader_path/Frameworks",
				);
				PRODUCT_BUNDLE_IDENTIFIER = "com.vjc.Network-UsageUITests";
				PRODUCT_NAME = "$(TARGET_NAME)";
				SDKROOT = iphoneos;
				SWIFT_VERSION = 5.0;
				TARGETED_DEVICE_FAMILY = "1,2";
				TEST_TARGET_NAME = "Network Usage";
			};
			name = Debug;
		};
		F12C9071237A6AA000582B05 /* Release */ = {
			isa = XCBuildConfiguration;
			buildSettings = {
				ALWAYS_EMBED_SWIFT_STANDARD_LIBRARIES = YES;
				CODE_SIGN_STYLE = Automatic;
				INFOPLIST_FILE = "Network UsageUITests/Info.plist";
				IPHONEOS_DEPLOYMENT_TARGET = 13.2;
				LD_RUNPATH_SEARCH_PATHS = (
					"$(inherited)",
					"@executable_path/Frameworks",
					"@loader_path/Frameworks",
				);
				PRODUCT_BUNDLE_IDENTIFIER = "com.vjc.Network-UsageUITests";
				PRODUCT_NAME = "$(TARGET_NAME)";
				SDKROOT = iphoneos;
				SWIFT_VERSION = 5.0;
				TARGETED_DEVICE_FAMILY = "1,2";
				TEST_TARGET_NAME = "Network Usage";
				VALIDATE_PRODUCT = YES;
			};
			name = Release;
		};
/* End XCBuildConfiguration section */

/* Begin XCConfigurationList section */
		F12C8FC923785D5100582B05 /* Build configuration list for PBXProject "Network usage" */ = {
			isa = XCConfigurationList;
			buildConfigurations = (
				F12C8FF223785D5300582B05 /* Debug */,
				F12C8FF323785D5300582B05 /* Release */,
			);
			defaultConfigurationIsVisible = 0;
			defaultConfigurationName = Release;
		};
		F12C9069237A6AA000582B05 /* Build configuration list for PBXNativeTarget "Network Usage" */ = {
			isa = XCConfigurationList;
			buildConfigurations = (
				F12C906A237A6AA000582B05 /* Debug */,
				F12C906B237A6AA000582B05 /* Release */,
			);
			defaultConfigurationIsVisible = 0;
			defaultConfigurationName = Release;
		};
		F12C906C237A6AA000582B05 /* Build configuration list for PBXNativeTarget "Network UsageTests" */ = {
			isa = XCConfigurationList;
			buildConfigurations = (
				F12C906D237A6AA000582B05 /* Debug */,
				F12C906E237A6AA000582B05 /* Release */,
			);
			defaultConfigurationIsVisible = 0;
			defaultConfigurationName = Release;
		};
		F12C906F237A6AA000582B05 /* Build configuration list for PBXNativeTarget "Network UsageUITests" */ = {
			isa = XCConfigurationList;
			buildConfigurations = (
				F12C9070237A6AA000582B05 /* Debug */,
				F12C9071237A6AA000582B05 /* Release */,
			);
			defaultConfigurationIsVisible = 0;
			defaultConfigurationName = Release;
		};
/* End XCConfigurationList section */
	};
	rootObject = F12C8FC623785D5100582B05 /* Project object */;
}
